// !$*UTF8*$!
{
	archiveVersion = 1;
	classes = {
	};
	objectVersion = 46;
	objects = {

/* Begin PBXBuildFile section */
		27C2F2E11EA29673005A0792 /* AppDelegate.swift in Sources */ = {isa = PBXBuildFile; fileRef = 27C2F2E01EA29673005A0792 /* AppDelegate.swift */; };
		27C2F2E31EA29673005A0792 /* ViewController.swift in Sources */ = {isa = PBXBuildFile; fileRef = 27C2F2E21EA29673005A0792 /* ViewController.swift */; };
		27C2F2E61EA29673005A0792 /* Main.storyboard in Resources */ = {isa = PBXBuildFile; fileRef = 27C2F2E41EA29673005A0792 /* Main.storyboard */; };
		27C2F2E91EA29673005A0792 /* ShoppingBuddy.xcdatamodeld in Sources */ = {isa = PBXBuildFile; fileRef = 27C2F2E71EA29673005A0792 /* ShoppingBuddy.xcdatamodeld */; };
		27C2F2EB1EA29673005A0792 /* Assets.xcassets in Resources */ = {isa = PBXBuildFile; fileRef = 27C2F2EA1EA29673005A0792 /* Assets.xcassets */; };
		27C2F2EE1EA29673005A0792 /* LaunchScreen.storyboard in Resources */ = {isa = PBXBuildFile; fileRef = 27C2F2EC1EA29673005A0792 /* LaunchScreen.storyboard */; };
		27C2F2F61EA29C17005A0792 /* GoogleService-Info.plist in Resources */ = {isa = PBXBuildFile; fileRef = 27C2F2F51EA29C17005A0792 /* GoogleService-Info.plist */; };
		86900BA762D956E8D56346E7 /* Pods_ShoppingBuddy.framework in Frameworks */ = {isa = PBXBuildFile; fileRef = E5F5EC30DC8B8B3AF08F76CA /* Pods_ShoppingBuddy.framework */; };
/* End PBXBuildFile section */

/* Begin PBXFileReference section */
		065C8DA87A4A26689CF8F3EC /* Pods-ShoppingBuddy.debug.xcconfig */ = {isa = PBXFileReference; includeInIndex = 1; lastKnownFileType = text.xcconfig; name = "Pods-ShoppingBuddy.debug.xcconfig"; path = "Pods/Target Support Files/Pods-ShoppingBuddy/Pods-ShoppingBuddy.debug.xcconfig"; sourceTree = "<group>"; };
		27C2F2DD1EA29673005A0792 /* ShoppingBuddy.app */ = {isa = PBXFileReference; explicitFileType = wrapper.application; includeInIndex = 0; path = ShoppingBuddy.app; sourceTree = BUILT_PRODUCTS_DIR; };
		27C2F2E01EA29673005A0792 /* AppDelegate.swift */ = {isa = PBXFileReference; lastKnownFileType = sourcecode.swift; path = AppDelegate.swift; sourceTree = "<group>"; };
		27C2F2E21EA29673005A0792 /* ViewController.swift */ = {isa = PBXFileReference; lastKnownFileType = sourcecode.swift; path = ViewController.swift; sourceTree = "<group>"; };
		27C2F2E51EA29673005A0792 /* Base */ = {isa = PBXFileReference; lastKnownFileType = file.storyboard; name = Base; path = Base.lproj/Main.storyboard; sourceTree = "<group>"; };
		27C2F2E81EA29673005A0792 /* ShoppingBuddy.xcdatamodel */ = {isa = PBXFileReference; lastKnownFileType = wrapper.xcdatamodel; path = ShoppingBuddy.xcdatamodel; sourceTree = "<group>"; };
		27C2F2EA1EA29673005A0792 /* Assets.xcassets */ = {isa = PBXFileReference; lastKnownFileType = folder.assetcatalog; path = Assets.xcassets; sourceTree = "<group>"; };
		27C2F2ED1EA29673005A0792 /* Base */ = {isa = PBXFileReference; lastKnownFileType = file.storyboard; name = Base; path = Base.lproj/LaunchScreen.storyboard; sourceTree = "<group>"; };
		27C2F2EF1EA29673005A0792 /* Info.plist */ = {isa = PBXFileReference; lastKnownFileType = text.plist.xml; path = Info.plist; sourceTree = "<group>"; };
		27C2F2F51EA29C17005A0792 /* GoogleService-Info.plist */ = {isa = PBXFileReference; fileEncoding = 4; lastKnownFileType = text.plist.xml; path = "GoogleService-Info.plist"; sourceTree = "<group>"; };
		B3C3483D86E1124F313924BE /* Pods-ShoppingBuddy.release.xcconfig */ = {isa = PBXFileReference; includeInIndex = 1; lastKnownFileType = text.xcconfig; name = "Pods-ShoppingBuddy.release.xcconfig"; path = "Pods/Target Support Files/Pods-ShoppingBuddy/Pods-ShoppingBuddy.release.xcconfig"; sourceTree = "<group>"; };
		E5F5EC30DC8B8B3AF08F76CA /* Pods_ShoppingBuddy.framework */ = {isa = PBXFileReference; explicitFileType = wrapper.framework; includeInIndex = 0; path = Pods_ShoppingBuddy.framework; sourceTree = BUILT_PRODUCTS_DIR; };
/* End PBXFileReference section */

/* Begin PBXFrameworksBuildPhase section */
		27C2F2DA1EA29673005A0792 /* Frameworks */ = {
			isa = PBXFrameworksBuildPhase;
			buildActionMask = 2147483647;
			files = (
				86900BA762D956E8D56346E7 /* Pods_ShoppingBuddy.framework in Frameworks */,
			);
			runOnlyForDeploymentPostprocessing = 0;
		};
/* End PBXFrameworksBuildPhase section */

/* Begin PBXGroup section */
		048E36F010136ABF9B8BE64B /* Pods */ = {
			isa = PBXGroup;
			children = (
				065C8DA87A4A26689CF8F3EC /* Pods-ShoppingBuddy.debug.xcconfig */,
				B3C3483D86E1124F313924BE /* Pods-ShoppingBuddy.release.xcconfig */,
			);
			name = Pods;
			sourceTree = "<group>";
		};
		12B45B4FBD73F417CCFA120C /* Frameworks */ = {
			isa = PBXGroup;
			children = (
				E5F5EC30DC8B8B3AF08F76CA /* Pods_ShoppingBuddy.framework */,
			);
			name = Frameworks;
			sourceTree = "<group>";
		};
		27C2F2D41EA29673005A0792 = {
			isa = PBXGroup;
			children = (
				27C2F2DF1EA29673005A0792 /* ShoppingBuddy */,
				27C2F2DE1EA29673005A0792 /* Products */,
				048E36F010136ABF9B8BE64B /* Pods */,
				12B45B4FBD73F417CCFA120C /* Frameworks */,
			);
			sourceTree = "<group>";
		};
		27C2F2DE1EA29673005A0792 /* Products */ = {
			isa = PBXGroup;
			children = (
				27C2F2DD1EA29673005A0792 /* ShoppingBuddy.app */,
			);
			name = Products;
			sourceTree = "<group>";
		};
		27C2F2DF1EA29673005A0792 /* ShoppingBuddy */ = {
			isa = PBXGroup;
			children = (
				27C2F2E01EA29673005A0792 /* AppDelegate.swift */,
				27C2F2E21EA29673005A0792 /* ViewController.swift */,
				27C2F2E41EA29673005A0792 /* Main.storyboard */,
				27C2F2EA1EA29673005A0792 /* Assets.xcassets */,
				27C2F2EC1EA29673005A0792 /* LaunchScreen.storyboard */,
				27C2F2EF1EA29673005A0792 /* Info.plist */,
				27C2F2E71EA29673005A0792 /* ShoppingBuddy.xcdatamodeld */,
				27C2F2F51EA29C17005A0792 /* GoogleService-Info.plist */,
			);
			path = ShoppingBuddy;
			sourceTree = "<group>";
		};
/* End PBXGroup section */

/* Begin PBXNativeTarget section */
		27C2F2DC1EA29673005A0792 /* ShoppingBuddy */ = {
			isa = PBXNativeTarget;
			buildConfigurationList = 27C2F2F21EA29673005A0792 /* Build configuration list for PBXNativeTarget "ShoppingBuddy" */;
			buildPhases = (
				AD1B5620F4F1D2623F47435E /* [CP] Check Pods Manifest.lock */,
				27C2F2D91EA29673005A0792 /* Sources */,
				27C2F2DA1EA29673005A0792 /* Frameworks */,
				27C2F2DB1EA29673005A0792 /* Resources */,
				1D396AB06D2202B0202E0DFA /* [CP] Embed Pods Frameworks */,
				C2471653283F59686D776565 /* [CP] Copy Pods Resources */,
			);
			buildRules = (
			);
			dependencies = (
			);
			name = ShoppingBuddy;
			productName = ShoppingBuddy;
			productReference = 27C2F2DD1EA29673005A0792 /* ShoppingBuddy.app */;
			productType = "com.apple.product-type.application";
		};
/* End PBXNativeTarget section */

/* Begin PBXProject section */
		27C2F2D51EA29673005A0792 /* Project object */ = {
			isa = PBXProject;
			attributes = {
				LastSwiftUpdateCheck = 0830;
				LastUpgradeCheck = 0830;
				ORGANIZATIONNAME = "Aaron Kau";
				TargetAttributes = {
					27C2F2DC1EA29673005A0792 = {
						CreatedOnToolsVersion = 8.3.1;
						DevelopmentTeam = K2XB9K6AET;
						ProvisioningStyle = Automatic;
					};
				};
			};
			buildConfigurationList = 27C2F2D81EA29673005A0792 /* Build configuration list for PBXProject "ShoppingBuddy" */;
			compatibilityVersion = "Xcode 3.2";
			developmentRegion = English;
			hasScannedForEncodings = 0;
			knownRegions = (
				en,
				Base,
			);
			mainGroup = 27C2F2D41EA29673005A0792;
			productRefGroup = 27C2F2DE1EA29673005A0792 /* Products */;
			projectDirPath = "";
			projectRoot = "";
			targets = (
				27C2F2DC1EA29673005A0792 /* ShoppingBuddy */,
			);
		};
/* End PBXProject section */

/* Begin PBXResourcesBuildPhase section */
		27C2F2DB1EA29673005A0792 /* Resources */ = {
			isa = PBXResourcesBuildPhase;
			buildActionMask = 2147483647;
			files = (
				27C2F2EE1EA29673005A0792 /* LaunchScreen.storyboard in Resources */,
				27C2F2F61EA29C17005A0792 /* GoogleService-Info.plist in Resources */,
				27C2F2EB1EA29673005A0792 /* Assets.xcassets in Resources */,
				27C2F2E61EA29673005A0792 /* Main.storyboard in Resources */,
			);
			runOnlyForDeploymentPostprocessing = 0;
		};
/* End PBXResourcesBuildPhase section */

/* Begin PBXShellScriptBuildPhase section */
		1D396AB06D2202B0202E0DFA /* [CP] Embed Pods Frameworks */ = {
			isa = PBXShellScriptBuildPhase;
			buildActionMask = 2147483647;
			files = (
			);
			inputPaths = (
			);
			name = "[CP] Embed Pods Frameworks";
			outputPaths = (
			);
			runOnlyForDeploymentPostprocessing = 0;
			shellPath = /bin/sh;
			shellScript = "\"${SRCROOT}/Pods/Target Support Files/Pods-ShoppingBuddy/Pods-ShoppingBuddy-frameworks.sh\"\n";
			showEnvVarsInLog = 0;
		};
		AD1B5620F4F1D2623F47435E /* [CP] Check Pods Manifest.lock */ = {
			isa = PBXShellScriptBuildPhase;
			buildActionMask = 2147483647;
			files = (
			);
			inputPaths = (
			);
			name = "[CP] Check Pods Manifest.lock";
			outputPaths = (
			);
			runOnlyForDeploymentPostprocessing = 0;
			shellPath = /bin/sh;
			shellScript = "diff \"${PODS_ROOT}/../Podfile.lock\" \"${PODS_ROOT}/Manifest.lock\" > /dev/null\nif [ $? != 0 ] ; then\n    # print error to STDERR\n    echo \"error: The sandbox is not in sync with the Podfile.lock. Run 'pod install' or update your CocoaPods installation.\" >&2\n    exit 1\nfi\n";
			showEnvVarsInLog = 0;
		};
		C2471653283F59686D776565 /* [CP] Copy Pods Resources */ = {
			isa = PBXShellScriptBuildPhase;
			buildActionMask = 2147483647;
			files = (
			);
			inputPaths = (
			);
			name = "[CP] Copy Pods Resources";
			outputPaths = (
			);
			runOnlyForDeploymentPostprocessing = 0;
			shellPath = /bin/sh;
			shellScript = "\"${SRCROOT}/Pods/Target Support Files/Pods-ShoppingBuddy/Pods-ShoppingBuddy-resources.sh\"\n";
			showEnvVarsInLog = 0;
		};
/* End PBXShellScriptBuildPhase section */

/* Begin PBXSourcesBuildPhase section */
		27C2F2D91EA29673005A0792 /* Sources */ = {
			isa = PBXSourcesBuildPhase;
			buildActionMask = 2147483647;
			files = (
				27C2F2E91EA29673005A0792 /* ShoppingBuddy.xcdatamodeld in Sources */,
				27C2F2E31EA29673005A0792 /* ViewController.swift in Sources */,
				27C2F2E11EA29673005A0792 /* AppDelegate.swift in Sources */,
			);
			runOnlyForDeploymentPostprocessing = 0;
		};
/* End PBXSourcesBuildPhase section */

/* Begin PBXVariantGroup section */
		27C2F2E41EA29673005A0792 /* Main.storyboard */ = {
			isa = PBXVariantGroup;
			children = (
				27C2F2E51EA29673005A0792 /* Base */,
			);
			name = Main.storyboard;
			sourceTree = "<group>";
		};
		27C2F2EC1EA29673005A0792 /* LaunchScreen.storyboard */ = {
			isa = PBXVariantGroup;
			children = (
				27C2F2ED1EA29673005A0792 /* Base */,
			);
			name = LaunchScreen.storyboard;
			sourceTree = "<group>";
		};
/* End PBXVariantGroup section */

/* Begin XCBuildConfiguration section */
		27C2F2F01EA29673005A0792 /* Debug */ = {
			isa = XCBuildConfiguration;
			buildSettings = {
				ALWAYS_SEARCH_USER_PATHS = NO;
				CLANG_ANALYZER_NONNULL = YES;
				CLANG_ANALYZER_NUMBER_OBJECT_CONVERSION = YES_AGGRESSIVE;
				CLANG_CXX_LANGUAGE_STANDARD = "gnu++0x";
				CLANG_CXX_LIBRARY = "libc++";
				CLANG_ENABLE_MODULES = YES;
				CLANG_ENABLE_OBJC_ARC = YES;
				CLANG_WARN_BOOL_CONVERSION = YES;
				CLANG_WARN_CONSTANT_CONVERSION = YES;
				CLANG_WARN_DIRECT_OBJC_ISA_USAGE = YES_ERROR;
				CLANG_WARN_DOCUMENTATION_COMMENTS = YES;
				CLANG_WARN_EMPTY_BODY = YES;
				CLANG_WARN_ENUM_CONVERSION = YES;
				CLANG_WARN_INFINITE_RECURSION = YES;
				CLANG_WARN_INT_CONVERSION = YES;
				CLANG_WARN_OBJC_ROOT_CLASS = YES_ERROR;
				CLANG_WARN_SUSPICIOUS_MOVE = YES;
				CLANG_WARN_UNREACHABLE_CODE = YES;
				CLANG_WARN__DUPLICATE_METHOD_MATCH = YES;
				"CODE_SIGN_IDENTITY[sdk=iphoneos*]" = "iPhone Developer";
				COPY_PHASE_STRIP = NO;
				DEBUG_INFORMATION_FORMAT = dwarf;
				ENABLE_STRICT_OBJC_MSGSEND = YES;
				ENABLE_TESTABILITY = YES;
				GCC_C_LANGUAGE_STANDARD = gnu99;
				GCC_DYNAMIC_NO_PIC = NO;
				GCC_NO_COMMON_BLOCKS = YES;
				GCC_OPTIMIZATION_LEVEL = 0;
				GCC_PREPROCESSOR_DEFINITIONS = (
					"DEBUG=1",
					"$(inherited)",
				);
				GCC_WARN_64_TO_32_BIT_CONVERSION = YES;
				GCC_WARN_ABOUT_RETURN_TYPE = YES_ERROR;
				GCC_WARN_UNDECLARED_SELECTOR = YES;
				GCC_WARN_UNINITIALIZED_AUTOS = YES_AGGRESSIVE;
				GCC_WARN_UNUSED_FUNCTION = YES;
				GCC_WARN_UNUSED_VARIABLE = YES;
				IPHONEOS_DEPLOYMENT_TARGET = 10.3;
				MTL_ENABLE_DEBUG_INFO = YES;
				ONLY_ACTIVE_ARCH = YES;
				SDKROOT = iphoneos;
				SWIFT_ACTIVE_COMPILATION_CONDITIONS = DEBUG;
				SWIFT_OPTIMIZATION_LEVEL = "-Onone";
			};
			name = Debug;
		};
		27C2F2F11EA29673005A0792 /* Release */ = {
			isa = XCBuildConfiguration;
			buildSettings = {
				ALWAYS_SEARCH_USER_PATHS = NO;
				CLANG_ANALYZER_NONNULL = YES;
				CLANG_ANALYZER_NUMBER_OBJECT_CONVERSION = YES_AGGRESSIVE;
				CLANG_CXX_LANGUAGE_STANDARD = "gnu++0x";
				CLANG_CXX_LIBRARY = "libc++";
				CLANG_ENABLE_MODULES = YES;
				CLANG_ENABLE_OBJC_ARC = YES;
				CLANG_WARN_BOOL_CONVERSION = YES;
				CLANG_WARN_CONSTANT_CONVERSION = YES;
				CLANG_WARN_DIRECT_OBJC_ISA_USAGE = YES_ERROR;
				CLANG_WARN_DOCUMENTATION_COMMENTS = YES;
				CLANG_WARN_EMPTY_BODY = YES;
				CLANG_WARN_ENUM_CONVERSION = YES;
				CLANG_WARN_INFINITE_RECURSION = YES;
				CLANG_WARN_INT_CONVERSION = YES;
				CLANG_WARN_OBJC_ROOT_CLASS = YES_ERROR;
				CLANG_WARN_SUSPICIOUS_MOVE = YES;
				CLANG_WARN_UNREACHABLE_CODE = YES;
				CLANG_WARN__DUPLICATE_METHOD_MATCH = YES;
				"CODE_SIGN_IDENTITY[sdk=iphoneos*]" = "iPhone Developer";
				COPY_PHASE_STRIP = NO;
				DEBUG_INFORMATION_FORMAT = "dwarf-with-dsym";
				ENABLE_NS_ASSERTIONS = NO;
				ENABLE_STRICT_OBJC_MSGSEND = YES;
				GCC_C_LANGUAGE_STANDARD = gnu99;
				GCC_NO_COMMON_BLOCKS = YES;
				GCC_WARN_64_TO_32_BIT_CONVERSION = YES;
				GCC_WARN_ABOUT_RETURN_TYPE = YES_ERROR;
				GCC_WARN_UNDECLARED_SELECTOR = YES;
				GCC_WARN_UNINITIALIZED_AUTOS = YES_AGGRESSIVE;
				GCC_WARN_UNUSED_FUNCTION = YES;
				GCC_WARN_UNUSED_VARIABLE = YES;
				IPHONEOS_DEPLOYMENT_TARGET = 10.3;
				MTL_ENABLE_DEBUG_INFO = NO;
				SDKROOT = iphoneos;
				SWIFT_OPTIMIZATION_LEVEL = "-Owholemodule";
				VALIDATE_PRODUCT = YES;
			};
			name = Release;
		};
		27C2F2F31EA29673005A0792 /* Debug */ = {
			isa = XCBuildConfiguration;
			baseConfigurationReference = 065C8DA87A4A26689CF8F3EC /* Pods-ShoppingBuddy.debug.xcconfig */;
			buildSettings = {
				ASSETCATALOG_COMPILER_APPICON_NAME = AppIcon;
				DEVELOPMENT_TEAM = K2XB9K6AET;
				INFOPLIST_FILE = ShoppingBuddy/Info.plist;
				LD_RUNPATH_SEARCH_PATHS = "$(inherited) @executable_path/Frameworks";
				PRODUCT_BUNDLE_IDENTIFIER = com.example.shoppingbuddy.ShoppingBuddy;
				PRODUCT_NAME = "$(TARGET_NAME)";
				SWIFT_VERSION = 3.0;
			};
			name = Debug;
		};
		27C2F2F41EA29673005A0792 /* Release */ = {
			isa = XCBuildConfiguration;
			baseConfigurationReference = B3C3483D86E1124F313924BE /* Pods-ShoppingBuddy.release.xcconfig */;
			buildSettings = {
				ASSETCATALOG_COMPILER_APPICON_NAME = AppIcon;
				DEVELOPMENT_TEAM = K2XB9K6AET;
				INFOPLIST_FILE = ShoppingBuddy/Info.plist;
				LD_RUNPATH_SEARCH_PATHS = "$(inherited) @executable_path/Frameworks";
				PRODUCT_BUNDLE_IDENTIFIER = com.example.shoppingbuddy.ShoppingBuddy;
				PRODUCT_NAME = "$(TARGET_NAME)";
				SWIFT_VERSION = 3.0;
			};
			name = Release;
		};
/* End XCBuildConfiguration section */

/* Begin XCConfigurationList section */
		27C2F2D81EA29673005A0792 /* Build configuration list for PBXProject "ShoppingBuddy" */ = {
			isa = XCConfigurationList;
			buildConfigurations = (
				27C2F2F01EA29673005A0792 /* Debug */,
				27C2F2F11EA29673005A0792 /* Release */,
			);
			defaultConfigurationIsVisible = 0;
			defaultConfigurationName = Release;
		};
		27C2F2F21EA29673005A0792 /* Build configuration list for PBXNativeTarget "ShoppingBuddy" */ = {
			isa = XCConfigurationList;
			buildConfigurations = (
				27C2F2F31EA29673005A0792 /* Debug */,
				27C2F2F41EA29673005A0792 /* Release */,
			);
			defaultConfigurationIsVisible = 0;
		};
/* End XCConfigurationList section */

/* Begin XCVersionGroup section */
		27C2F2E71EA29673005A0792 /* ShoppingBuddy.xcdatamodeld */ = {
			isa = XCVersionGroup;
			children = (
				27C2F2E81EA29673005A0792 /* ShoppingBuddy.xcdatamodel */,
			);
			currentVersion = 27C2F2E81EA29673005A0792 /* ShoppingBuddy.xcdatamodel */;
			path = ShoppingBuddy.xcdatamodeld;
			sourceTree = "<group>";
			versionGroupType = wrapper.xcdatamodel;
		};
/* End XCVersionGroup section */
	};
	rootObject = 27C2F2D51EA29673005A0792 /* Project object */;
}
